PODS:
  - Flutter (1.0.0)
  - flutter_app_badger (1.3.0):
    - Flutter

DEPENDENCIES:
  - Flutter (from `Flutter`)
  - flutter_app_badger (from `.symlinks/plugins/flutter_app_badger/ios`)

EXTERNAL SOURCES:
  Flutter:
    :path: Flutter
  flutter_app_badger:
    :path: ".symlinks/plugins/flutter_app_badger/ios"

SPEC CHECKSUMS:
  Flutter: e0871f40cf51350855a761d2e70bf5af5b9b5de7
  flutter_app_badger: 824f956e8d58c7d9153ba0bf519423be4204e0ae

PODFILE CHECKSUM: 8b1ac372bcd3567a64e1b2426a5a9e7f22637275

COCOAPODS: 1.15.2
